{
  "name": "handiworks-gatsby",
  "lockfileVersion": 2,
  "requires": true,
  "packages": {
    "": {
      "dependencies": {
        "@fontsource/source-sans-pro": "^4.5.6",
        "@fontsource/source-serif-pro": "^4.5.4"
      }
    },
    "node_modules/@fontsource/source-sans-pro": {
      "version": "4.5.6",
      "resolved": "https://registry.npmjs.org/@fontsource/source-sans-pro/-/source-sans-pro-4.5.6.tgz",
      "integrity": "sha512-MPv0Ye2OmcRD4wQ/7lOkysQpXpWkDSqZ2QHdNNLj7CQVtG03BScLMYQXZbYNhNMbH518tdMFewqDSu+/ikAMTg=="
    },
    "node_modules/@fontsource/source-serif-pro": {
      "version": "4.5.4",
      "resolved": "https://registry.npmjs.org/@fontsource/source-serif-pro/-/source-serif-pro-4.5.4.tgz",
      "integrity": "sha512-aTmVYGdicsF80YqTTqoextNp0tDnfXteMqtfGee0AkcVkzn0lhrZAcfxL3A5pYZgtFJVQ+CiHE513Dq7lqK7yg=="
    }
  },
  "dependencies": {
    "@fontsource/source-sans-pro": {
      "version": "4.5.6",
      "resolved": "https://registry.npmjs.org/@fontsource/source-sans-pro/-/source-sans-pro-4.5.6.tgz",
      "integrity": "sha512-MPv0Ye2OmcRD4wQ/7lOkysQpXpWkDSqZ2QHdNNLj7CQVtG03BScLMYQXZbYNhNMbH518tdMFewqDSu+/ikAMTg=="
    },
    "@fontsource/source-serif-pro": {
      "version": "4.5.4",
      "resolved": "https://registry.npmjs.org/@fontsource/source-serif-pro/-/source-serif-pro-4.5.4.tgz",
      "integrity": "sha512-aTmVYGdicsF80YqTTqoextNp0tDnfXteMqtfGee0AkcVkzn0lhrZAcfxL3A5pYZgtFJVQ+CiHE513Dq7lqK7yg=="
    }
  }
}
